
Microsoft Visual Studio Solution File, Format Version 12.00
# Visual Studio Version 17
VisualStudioVersion = 17.0.31903.59
MinimumVisualStudioVersion = 10.0.40219.1
Project("{2150E333-8FDC-42A3-9474-1A3956D46DE8}") = "src", "src", "{827E0CD3-B72D-47B6-A68D-7590B98EB39B}"
EndProject
Project("{FAE04EC0-301F-11D3-BF4B-00C04F79EFBC}") = "Sabemi.Webhooks.Model", "src\Sabemi.Webhooks.Model\Sabemi.Webhooks.Model.csproj", "{5BA8CE75-33D1-420F-8B1F-54A5E2FC7A0B}"
EndProject
Project("{FAE04EC0-301F-11D3-BF4B-00C04F79EFBC}") = "Sabemi.Webhooks.Service", "src\Sabemi.Webhooks.Service\Sabemi.Webhooks.Service.csproj", "{15811B7D-C84D-4762-99BA-F20BBDAC8425}"
EndProject
Project("{FAE04EC0-301F-11D3-BF4B-00C04F79EFBC}") = "Sabemi.Webhooks.Repository", "src\Sabemi.Webhooks.Repository\Sabemi.Webhooks.Repository.csproj", "{C067A977-3DC9-4266-8741-2839D92C1FB7}"
EndProject
Project("{FAE04EC0-301F-11D3-BF4B-00C04F79EFBC}") = "Sabemi.Webhooks.Api", "src\Sabemi.Webhooks.Api\Sabemi.Webhooks.Api.csproj", "{05E5E62C-903F-495A-B20D-6BF838F718FD}"
EndProject
Global
	GlobalSection(SolutionConfigurationPlatforms) = preSolution
		Debug|Any CPU = Debug|Any CPU
		Debug|x64 = Debug|x64
		Debug|x86 = Debug|x86
		Release|Any CPU = Release|Any CPU
		Release|x64 = Release|x64
		Release|x86 = Release|x86
	EndGlobalSection
	GlobalSection(ProjectConfigurationPlatforms) = postSolution
		{5BA8CE75-33D1-420F-8B1F-54A5E2FC7A0B}.Debug|Any CPU.ActiveCfg = Debug|Any CPU
		{5BA8CE75-33D1-420F-8B1F-54A5E2FC7A0B}.Debug|Any CPU.Build.0 = Debug|Any CPU
		{5BA8CE75-33D1-420F-8B1F-54A5E2FC7A0B}.Debug|x64.ActiveCfg = Debug|Any CPU
		{5BA8CE75-33D1-420F-8B1F-54A5E2FC7A0B}.Debug|x64.Build.0 = Debug|Any CPU
		{5BA8CE75-33D1-420F-8B1F-54A5E2FC7A0B}.Debug|x86.ActiveCfg = Debug|Any CPU
		{5BA8CE75-33D1-420F-8B1F-54A5E2FC7A0B}.Debug|x86.Build.0 = Debug|Any CPU
		{5BA8CE75-33D1-420F-8B1F-54A5E2FC7A0B}.Release|Any CPU.ActiveCfg = Release|Any CPU
		{5BA8CE75-33D1-420F-8B1F-54A5E2FC7A0B}.Release|Any CPU.Build.0 = Release|Any CPU
		{5BA8CE75-33D1-420F-8B1F-54A5E2FC7A0B}.Release|x64.ActiveCfg = Release|Any CPU
		{5BA8CE75-33D1-420F-8B1F-54A5E2FC7A0B}.Release|x64.Build.0 = Release|Any CPU
		{5BA8CE75-33D1-420F-8B1F-54A5E2FC7A0B}.Release|x86.ActiveCfg = Release|Any CPU
		{5BA8CE75-33D1-420F-8B1F-54A5E2FC7A0B}.Release|x86.Build.0 = Release|Any CPU
		{15811B7D-C84D-4762-99BA-F20BBDAC8425}.Debug|Any CPU.ActiveCfg = Debug|Any CPU
		{15811B7D-C84D-4762-99BA-F20BBDAC8425}.Debug|Any CPU.Build.0 = Debug|Any CPU
		{15811B7D-C84D-4762-99BA-F20BBDAC8425}.Debug|x64.ActiveCfg = Debug|Any CPU
		{15811B7D-C84D-4762-99BA-F20BBDAC8425}.Debug|x64.Build.0 = Debug|Any CPU
		{15811B7D-C84D-4762-99BA-F20BBDAC8425}.Debug|x86.ActiveCfg = Debug|Any CPU
		{15811B7D-C84D-4762-99BA-F20BBDAC8425}.Debug|x86.Build.0 = Debug|Any CPU
		{15811B7D-C84D-4762-99BA-F20BBDAC8425}.Release|Any CPU.ActiveCfg = Release|Any CPU
		{15811B7D-C84D-4762-99BA-F20BBDAC8425}.Release|Any CPU.Build.0 = Release|Any CPU
		{15811B7D-C84D-4762-99BA-F20BBDAC8425}.Release|x64.ActiveCfg = Release|Any CPU
		{15811B7D-C84D-4762-99BA-F20BBDAC8425}.Release|x64.Build.0 = Release|Any CPU
		{15811B7D-C84D-4762-99BA-F20BBDAC8425}.Release|x86.ActiveCfg = Release|Any CPU
		{15811B7D-C84D-4762-99BA-F20BBDAC8425}.Release|x86.Build.0 = Release|Any CPU
		{C067A977-3DC9-4266-8741-2839D92C1FB7}.Debug|Any CPU.ActiveCfg = Debug|Any CPU
		{C067A977-3DC9-4266-8741-2839D92C1FB7}.Debug|Any CPU.Build.0 = Debug|Any CPU
		{C067A977-3DC9-4266-8741-2839D92C1FB7}.Debug|x64.ActiveCfg = Debug|Any CPU
		{C067A977-3DC9-4266-8741-2839D92C1FB7}.Debug|x64.Build.0 = Debug|Any CPU
		{C067A977-3DC9-4266-8741-2839D92C1FB7}.Debug|x86.ActiveCfg = Debug|Any CPU
		{C067A977-3DC9-4266-8741-2839D92C1FB7}.Debug|x86.Build.0 = Debug|Any CPU
		{C067A977-3DC9-4266-8741-2839D92C1FB7}.Release|Any CPU.ActiveCfg = Release|Any CPU
		{C067A977-3DC9-4266-8741-2839D92C1FB7}.Release|Any CPU.Build.0 = Release|Any CPU
		{C067A977-3DC9-4266-8741-2839D92C1FB7}.Release|x64.ActiveCfg = Release|Any CPU
		{C067A977-3DC9-4266-8741-2839D92C1FB7}.Release|x64.Build.0 = Release|Any CPU
		{C067A977-3DC9-4266-8741-2839D92C1FB7}.Release|x86.ActiveCfg = Release|Any CPU
		{C067A977-3DC9-4266-8741-2839D92C1FB7}.Release|x86.Build.0 = Release|Any CPU
		{05E5E62C-903F-495A-B20D-6BF838F718FD}.Debug|Any CPU.ActiveCfg = Debug|Any CPU
		{05E5E62C-903F-495A-B20D-6BF838F718FD}.Debug|Any CPU.Build.0 = Debug|Any CPU
		{05E5E62C-903F-495A-B20D-6BF838F718FD}.Debug|x64.ActiveCfg = Debug|Any CPU
		{05E5E62C-903F-495A-B20D-6BF838F718FD}.Debug|x64.Build.0 = Debug|Any CPU
		{05E5E62C-903F-495A-B20D-6BF838F718FD}.Debug|x86.ActiveCfg = Debug|Any CPU
		{05E5E62C-903F-495A-B20D-6BF838F718FD}.Debug|x86.Build.0 = Debug|Any CPU
		{05E5E62C-903F-495A-B20D-6BF838F718FD}.Release|Any CPU.ActiveCfg = Release|Any CPU
		{05E5E62C-903F-495A-B20D-6BF838F718FD}.Release|Any CPU.Build.0 = Release|Any CPU
		{05E5E62C-903F-495A-B20D-6BF838F718FD}.Release|x64.ActiveCfg = Release|Any CPU
		{05E5E62C-903F-495A-B20D-6BF838F718FD}.Release|x64.Build.0 = Release|Any CPU
		{05E5E62C-903F-495A-B20D-6BF838F718FD}.Release|x86.ActiveCfg = Release|Any CPU
		{05E5E62C-903F-495A-B20D-6BF838F718FD}.Release|x86.Build.0 = Release|Any CPU
	EndGlobalSection
	GlobalSection(SolutionProperties) = preSolution
		HideSolutionNode = FALSE
	EndGlobalSection
	GlobalSection(NestedProjects) = preSolution
		{5BA8CE75-33D1-420F-8B1F-54A5E2FC7A0B} = {827E0CD3-B72D-47B6-A68D-7590B98EB39B}
		{15811B7D-C84D-4762-99BA-F20BBDAC8425} = {827E0CD3-B72D-47B6-A68D-7590B98EB39B}
		{C067A977-3DC9-4266-8741-2839D92C1FB7} = {827E0CD3-B72D-47B6-A68D-7590B98EB39B}
		{05E5E62C-903F-495A-B20D-6BF838F718FD} = {827E0CD3-B72D-47B6-A68D-7590B98EB39B}
	EndGlobalSection
EndGlobal
